<?xml version="1.0" encoding="UTF-8" standalone="yes" ?>
<CodeBlocks_project_file>
	<FileVersion major="1" minor="6" />
	<Project>
		<Option title="BallsOfMotion" />
		<Option pch_mode="2" />
		<Option compiler="gcc" />
		<Build>
			<Target title="Debug">
				<Option output="bin/Debug/BallsOfMotion" prefix_auto="1" extension_auto="1" />
				<Option object_output="obj/Debug/" />
				<Option type="1" />
				<Option compiler="gcc" />
				<Compiler>
					<Add option="-g" />
				</Compiler>
			</Target>
			<Target title="Release">
				<Option output="bin/Release/BallsOfMotion" prefix_auto="1" extension_auto="1" />
				<Option object_output="obj/Release/" />
				<Option type="1" />
				<Option compiler="gcc" />
				<Compiler>
					<Add option="-O2" />
				</Compiler>
				<Linker>
					<Add option="-s" />
				</Linker>
			</Target>
		</Build>
		<Compiler>
			<Add option="-Wall" />
		</Compiler>
		<Unit filename="AABB.c">
			<Option compilerVar="CC" />
		</Unit>
		<Unit filename="AABB.h" />
		<Unit filename="Camera.c">
			<Option compilerVar="CC" />
		</Unit>
		<Unit filename="Camera.h" />
		<Unit filename="Collision.c">
			<Option compilerVar="CC" />
		</Unit>
		<Unit filename="Collision.h" />
		<Unit filename="Extra.c">
			<Option compilerVar="CC" />
		</Unit>
		<Unit filename="Extra.h" />
		<Unit filename="RawLoader.c">
			<Option compilerVar="CC" />
		</Unit>
		<Unit filename="RawLoader.h" />
		<Unit filename="Sphere.c">
			<Option compilerVar="CC" />
		</Unit>
		<Unit filename="Sphere.h" />
		<Unit filename="TexturedWall.c">
			<Option compilerVar="CC" />
		</Unit>
		<Unit filename="TexturedWall.h" />
		<Unit filename="main.c">
			<Option compilerVar="CC" />
		</Unit>
		<Extensions>
			<code_completion />
			<envvars />
			<debugger />
			<lib_finder disable_auto="1" />
		</Extensions>
	</Project>
</CodeBlocks_project_file>
